
Microsoft Visual Studio Solution File, Format Version 12.00
# Visual Studio Version 16
VisualStudioVersion = 16.0.29025.244
MinimumVisualStudioVersion = 10.0.40219.1
Project("{8BC9CEB8-8B4A-11D0-8D11-00A0C91BC942}") = "homework1_further", "homework1_further\homework1_further.vcxproj", "{25008366-4058-455A-AD48-AE7BAE8583F8}"
EndProject
Global
	GlobalSection(SolutionConfigurationPlatforms) = preSolution
		Debug|x64 = Debug|x64
		Debug|x86 = Debug|x86
		Release|x64 = Release|x64
		Release|x86 = Release|x86
	EndGlobalSection
	GlobalSection(ProjectConfigurationPlatforms) = postSolution
		{25008366-4058-455A-AD48-AE7BAE8583F8}.Debug|x64.ActiveCfg = Debug|x64
		{25008366-4058-455A-AD48-AE7BAE8583F8}.Debug|x64.Build.0 = Debug|x64
		{25008366-4058-455A-AD48-AE7BAE8583F8}.Debug|x86.ActiveCfg = Debug|Win32
		{25008366-4058-455A-AD48-AE7BAE8583F8}.Debug|x86.Build.0 = Debug|Win32
		{25008366-4058-455A-AD48-AE7BAE8583F8}.Release|x64.ActiveCfg = Release|x64
		{25008366-4058-455A-AD48-AE7BAE8583F8}.Release|x64.Build.0 = Release|x64
		{25008366-4058-455A-AD48-AE7BAE8583F8}.Release|x86.ActiveCfg = Release|Win32
		{25008366-4058-455A-AD48-AE7BAE8583F8}.Release|x86.Build.0 = Release|Win32
	EndGlobalSection
	GlobalSection(SolutionProperties) = preSolution
		HideSolutionNode = FALSE
	EndGlobalSection
	GlobalSection(ExtensibilityGlobals) = postSolution
		SolutionGuid = {002FD8B5-F437-4700-96A5-20AC402FA8E4}
	EndGlobalSection
EndGlobal
